
Microsoft Visual Studio Solution File, Format Version 12.00
# Visual Studio Version 17
VisualStudioVersion = 17.10.34928.147
MinimumVisualStudioVersion = 10.0.40219.1
Project("{FAE04EC0-301F-11D3-BF4B-00C04F79EFBC}") = "backend", "backend.csproj", "{6F6D7B88-95BC-433C-8854-EEFAC1123F5E}"
EndProject
Global
	GlobalSection(SolutionConfigurationPlatforms) = preSolution
		Debug|Any CPU = Debug|Any CPU
		Release|Any CPU = Release|Any CPU
	EndGlobalSection
	GlobalSection(ProjectConfigurationPlatforms) = postSolution
		{6F6D7B88-95BC-433C-8854-EEFAC1123F5E}.Debug|Any CPU.ActiveCfg = Debug|Any CPU
		{6F6D7B88-95BC-433C-8854-EEFAC1123F5E}.Debug|Any CPU.Build.0 = Debug|Any CPU
		{6F6D7B88-95BC-433C-8854-EEFAC1123F5E}.Release|Any CPU.ActiveCfg = Release|Any CPU
		{6F6D7B88-95BC-433C-8854-EEFAC1123F5E}.Release|Any CPU.Build.0 = Release|Any CPU
	EndGlobalSection
	GlobalSection(SolutionProperties) = preSolution
		HideSolutionNode = FALSE
	EndGlobalSection
	GlobalSection(ExtensibilityGlobals) = postSolution
		SolutionGuid = {C72E7DC4-DB95-4A68-BCAA-3FD1F9E64E37}
	EndGlobalSection
EndGlobal
